
Microsoft Visual Studio Solution File, Format Version 12.00
# Visual Studio 2013
VisualStudioVersion = 12.0.21005.1
MinimumVisualStudioVersion = 10.0.40219.1
Project("{8BC9CEB8-8B4A-11D0-8D11-00A0C91BC942}") = "asciiRogueGame", "asciiRogueGame.vcxproj", "{6226C44E-16B6-4F68-BF42-7A702D12B282}"
EndProject
Global
	GlobalSection(SolutionConfigurationPlatforms) = preSolution
		Debug|Win32 = Debug|Win32
		Release|Win32 = Release|Win32
	EndGlobalSection
	GlobalSection(ProjectConfigurationPlatforms) = postSolution
		{6226C44E-16B6-4F68-BF42-7A702D12B282}.Debug|Win32.ActiveCfg = Debug|Win32
		{6226C44E-16B6-4F68-BF42-7A702D12B282}.Debug|Win32.Build.0 = Debug|Win32
		{6226C44E-16B6-4F68-BF42-7A702D12B282}.Release|Win32.ActiveCfg = Release|Win32
		{6226C44E-16B6-4F68-BF42-7A702D12B282}.Release|Win32.Build.0 = Release|Win32
	EndGlobalSection
	GlobalSection(SolutionProperties) = preSolution
		HideSolutionNode = FALSE
	EndGlobalSection
EndGlobal
